
Microsoft Visual Studio Solution File, Format Version 12.00
# Visual Studio Version 16
VisualStudioVersion = 16.0.30907.101
MinimumVisualStudioVersion = 10.0.40219.1
Project("{FAE04EC0-301F-11D3-BF4B-00C04F79EFBC}") = "LocacaoCarro.Api", "LocacaoCarro.Api\LocacaoCarro.Api.csproj", "{FA14B65A-02C6-4621-8ECF-6C37CAD7033C}"
EndProject
Project("{FAE04EC0-301F-11D3-BF4B-00C04F79EFBC}") = "LocacaoCarro.Aplicacao", "LocacaoCarro.Aplicacao\LocacaoCarro.Aplicacao.csproj", "{8F8A4BF4-9D0F-477D-AAC7-A3F621D3F1B9}"
EndProject
Project("{FAE04EC0-301F-11D3-BF4B-00C04F79EFBC}") = "LocacaoCarro.Dominio", "LocacaoCarro.Dominio\LocacaoCarro.Dominio.csproj", "{CD0773F8-15B7-41F1-A6B1-DC36CA845A18}"
EndProject
Project("{FAE04EC0-301F-11D3-BF4B-00C04F79EFBC}") = "LocacaoCarro.Infra", "LocacaoCarro.Infra\LocacaoCarro.Infra.csproj", "{98153697-D40A-4E90-BF3A-60878C8A7E97}"
EndProject
Project("{FAE04EC0-301F-11D3-BF4B-00C04F79EFBC}") = "LocacaoCarro.Testes", "LocacaoCarro.Testes\LocacaoCarro.Testes.csproj", "{60151FE7-4EFD-4712-B1DB-13FF14DDBC60}"
EndProject
Global
	GlobalSection(SolutionConfigurationPlatforms) = preSolution
		Debug|Any CPU = Debug|Any CPU
		Release|Any CPU = Release|Any CPU
	EndGlobalSection
	GlobalSection(ProjectConfigurationPlatforms) = postSolution
		{FA14B65A-02C6-4621-8ECF-6C37CAD7033C}.Debug|Any CPU.ActiveCfg = Debug|Any CPU
		{FA14B65A-02C6-4621-8ECF-6C37CAD7033C}.Debug|Any CPU.Build.0 = Debug|Any CPU
		{FA14B65A-02C6-4621-8ECF-6C37CAD7033C}.Release|Any CPU.ActiveCfg = Release|Any CPU
		{FA14B65A-02C6-4621-8ECF-6C37CAD7033C}.Release|Any CPU.Build.0 = Release|Any CPU
		{8F8A4BF4-9D0F-477D-AAC7-A3F621D3F1B9}.Debug|Any CPU.ActiveCfg = Debug|Any CPU
		{8F8A4BF4-9D0F-477D-AAC7-A3F621D3F1B9}.Debug|Any CPU.Build.0 = Debug|Any CPU
		{8F8A4BF4-9D0F-477D-AAC7-A3F621D3F1B9}.Release|Any CPU.ActiveCfg = Release|Any CPU
		{8F8A4BF4-9D0F-477D-AAC7-A3F621D3F1B9}.Release|Any CPU.Build.0 = Release|Any CPU
		{CD0773F8-15B7-41F1-A6B1-DC36CA845A18}.Debug|Any CPU.ActiveCfg = Debug|Any CPU
		{CD0773F8-15B7-41F1-A6B1-DC36CA845A18}.Debug|Any CPU.Build.0 = Debug|Any CPU
		{CD0773F8-15B7-41F1-A6B1-DC36CA845A18}.Release|Any CPU.ActiveCfg = Release|Any CPU
		{CD0773F8-15B7-41F1-A6B1-DC36CA845A18}.Release|Any CPU.Build.0 = Release|Any CPU
		{98153697-D40A-4E90-BF3A-60878C8A7E97}.Debug|Any CPU.ActiveCfg = Debug|Any CPU
		{98153697-D40A-4E90-BF3A-60878C8A7E97}.Debug|Any CPU.Build.0 = Debug|Any CPU
		{98153697-D40A-4E90-BF3A-60878C8A7E97}.Release|Any CPU.ActiveCfg = Release|Any CPU
		{98153697-D40A-4E90-BF3A-60878C8A7E97}.Release|Any CPU.Build.0 = Release|Any CPU
		{60151FE7-4EFD-4712-B1DB-13FF14DDBC60}.Debug|Any CPU.ActiveCfg = Debug|Any CPU
		{60151FE7-4EFD-4712-B1DB-13FF14DDBC60}.Debug|Any CPU.Build.0 = Debug|Any CPU
		{60151FE7-4EFD-4712-B1DB-13FF14DDBC60}.Release|Any CPU.ActiveCfg = Release|Any CPU
		{60151FE7-4EFD-4712-B1DB-13FF14DDBC60}.Release|Any CPU.Build.0 = Release|Any CPU
	EndGlobalSection
	GlobalSection(SolutionProperties) = preSolution
		HideSolutionNode = FALSE
	EndGlobalSection
	GlobalSection(ExtensibilityGlobals) = postSolution
		SolutionGuid = {3D310B46-663F-429E-B5BB-73036C46369E}
	EndGlobalSection
EndGlobal
